
Microsoft Visual Studio Solution File, Format Version 12.00
# Visual Studio Version 17
VisualStudioVersion = 17.11.35222.181
MinimumVisualStudioVersion = 10.0.40219.1
Project("{FAE04EC0-301F-11D3-BF4B-00C04F79EFBC}") = "classwork", "classwork\classwork.csproj", "{2EF23090-B87B-4204-B019-FA3BE2A3B0EA}"
EndProject
Global
	GlobalSection(SolutionConfigurationPlatforms) = preSolution
		Debug|Any CPU = Debug|Any CPU
		Release|Any CPU = Release|Any CPU
	EndGlobalSection
	GlobalSection(ProjectConfigurationPlatforms) = postSolution
		{2EF23090-B87B-4204-B019-FA3BE2A3B0EA}.Debug|Any CPU.ActiveCfg = Debug|Any CPU
		{2EF23090-B87B-4204-B019-FA3BE2A3B0EA}.Debug|Any CPU.Build.0 = Debug|Any CPU
		{2EF23090-B87B-4204-B019-FA3BE2A3B0EA}.Release|Any CPU.ActiveCfg = Release|Any CPU
		{2EF23090-B87B-4204-B019-FA3BE2A3B0EA}.Release|Any CPU.Build.0 = Release|Any CPU
	EndGlobalSection
	GlobalSection(SolutionProperties) = preSolution
		HideSolutionNode = FALSE
	EndGlobalSection
	GlobalSection(ExtensibilityGlobals) = postSolution
		SolutionGuid = {E903FE15-8FA5-4E1E-8435-888AAF37A536}
	EndGlobalSection
EndGlobal
